
Microsoft Visual Studio Solution File, Format Version 12.00
# Visual Studio Version 17
VisualStudioVersion = 17.5.33424.131
MinimumVisualStudioVersion = 10.0.40219.1
Project("{FAE04EC0-301F-11D3-BF4B-00C04F79EFBC}") = "PracticeProject", "PracticeProject\PracticeProject.csproj", "{7EB0B536-FB60-4AE7-9493-3C6B4BA07BC5}"
EndProject
Global
	GlobalSection(SolutionConfigurationPlatforms) = preSolution
		Debug|Any CPU = Debug|Any CPU
		Release|Any CPU = Release|Any CPU
	EndGlobalSection
	GlobalSection(ProjectConfigurationPlatforms) = postSolution
		{7EB0B536-FB60-4AE7-9493-3C6B4BA07BC5}.Debug|Any CPU.ActiveCfg = Debug|Any CPU
		{7EB0B536-FB60-4AE7-9493-3C6B4BA07BC5}.Debug|Any CPU.Build.0 = Debug|Any CPU
		{7EB0B536-FB60-4AE7-9493-3C6B4BA07BC5}.Release|Any CPU.ActiveCfg = Release|Any CPU
		{7EB0B536-FB60-4AE7-9493-3C6B4BA07BC5}.Release|Any CPU.Build.0 = Release|Any CPU
	EndGlobalSection
	GlobalSection(SolutionProperties) = preSolution
		HideSolutionNode = FALSE
	EndGlobalSection
	GlobalSection(ExtensibilityGlobals) = postSolution
		SolutionGuid = {FB0253C8-271D-4322-82D8-57632E5A937E}
	EndGlobalSection
EndGlobal
